
Microsoft Visual Studio Solution File, Format Version 12.00
# Visual Studio 14
VisualStudioVersion = 14.0.25420.1
MinimumVisualStudioVersion = 10.0.40219.1
Project("{FAE04EC0-301F-11D3-BF4B-00C04F79EFBC}") = "InfoCarrier.Core.EFCore", "src\InfoCarrier.Core.EFCore\InfoCarrier.Core.EFCore.csproj", "{6B24F793-C93B-4869-A99B-AC51EE2C82AF}"
EndProject
Project("{2150E333-8FDC-42A3-9474-1A3956D46DE8}") = "src", "src", "{9D5209CA-6868-45B6-A96A-C21E4318D680}"
EndProject
Project("{2150E333-8FDC-42A3-9474-1A3956D46DE8}") = "test", "test", "{7A3B0F55-40CA-46F2-9811-556FD59E67D5}"
EndProject
Project("{FAE04EC0-301F-11D3-BF4B-00C04F79EFBC}") = "InfoCarrier.Core.EFCore.FunctionalTests", "test\InfoCarrier.Core.EFCore.FunctionalTests\InfoCarrier.Core.EFCore.FunctionalTests.csproj", "{68EA3E10-E607-4629-93C7-93F0AB09DCCB}"
EndProject
Global
	GlobalSection(SolutionConfigurationPlatforms) = preSolution
		Debug|Any CPU = Debug|Any CPU
		Release|Any CPU = Release|Any CPU
	EndGlobalSection
	GlobalSection(ProjectConfigurationPlatforms) = postSolution
		{6B24F793-C93B-4869-A99B-AC51EE2C82AF}.Debug|Any CPU.ActiveCfg = Debug|Any CPU
		{6B24F793-C93B-4869-A99B-AC51EE2C82AF}.Debug|Any CPU.Build.0 = Debug|Any CPU
		{6B24F793-C93B-4869-A99B-AC51EE2C82AF}.Release|Any CPU.ActiveCfg = Release|Any CPU
		{6B24F793-C93B-4869-A99B-AC51EE2C82AF}.Release|Any CPU.Build.0 = Release|Any CPU
		{68EA3E10-E607-4629-93C7-93F0AB09DCCB}.Debug|Any CPU.ActiveCfg = Debug|Any CPU
		{68EA3E10-E607-4629-93C7-93F0AB09DCCB}.Debug|Any CPU.Build.0 = Debug|Any CPU
		{68EA3E10-E607-4629-93C7-93F0AB09DCCB}.Release|Any CPU.ActiveCfg = Release|Any CPU
		{68EA3E10-E607-4629-93C7-93F0AB09DCCB}.Release|Any CPU.Build.0 = Release|Any CPU
	EndGlobalSection
	GlobalSection(SolutionProperties) = preSolution
		HideSolutionNode = FALSE
	EndGlobalSection
	GlobalSection(NestedProjects) = preSolution
		{6B24F793-C93B-4869-A99B-AC51EE2C82AF} = {9D5209CA-6868-45B6-A96A-C21E4318D680}
		{68EA3E10-E607-4629-93C7-93F0AB09DCCB} = {7A3B0F55-40CA-46F2-9811-556FD59E67D5}
	EndGlobalSection
EndGlobal
