<Solution>
  <Folder Name="/src/">
    <Project Path="src/InfoCarrier.Core/InfoCarrier.Core.csproj" />
    <Project Path="src/InfoCarrier.Core.AspNetCore/InfoCarrier.Core.AspNetCore.csproj" />
  </Folder>
  <Folder Name="/samples/">
    <Project Path="samples/Northwind.Client/Northwind.Client.csproj" />
    <Project Path="samples/Northwind.Demo/Northwind.Demo.csproj" />
    <Project Path="samples/Northwind.Server/Northwind.Server.csproj" />
    <Project Path="samples/Northwind.Shared/Northwind.Shared.csproj" />
  </Folder>
  <Folder Name="/test/">
    <Project Path="test/InfoCarrier.Core.TestUtilities/InfoCarrier.Core.TestUtilities.csproj" />
    <Project Path="test/InfoCarrier.Core.FunctionalTests/InfoCarrier.Core.FunctionalTests.csproj" />
    <Project Path="test/InfoCarrier.Core.Relational.FunctionalTests/InfoCarrier.Core.Relational.FunctionalTests.csproj" />
    <Project Path="test/InfoCarrier.Core.TransportTests/InfoCarrier.Core.TransportTests.csproj" />
  </Folder>
</Solution>
